
Microsoft Visual Studio Solution File, Format Version 12.00
# Visual Studio Version 17
VisualStudioVersion = 17.6.33723.286
MinimumVisualStudioVersion = 10.0.40219.1
Project("{FAE04EC0-301F-11D3-BF4B-00C04F79EFBC}") = "MaxNumINArray", "MaxNumINArray\MaxNumINArray.csproj", "{5F58DF5A-1D92-4C4C-82ED-F48E171C4A9D}"
EndProject
Global
	GlobalSection(SolutionConfigurationPlatforms) = preSolution
		Debug|Any CPU = Debug|Any CPU
		Release|Any CPU = Release|Any CPU
	EndGlobalSection
	GlobalSection(ProjectConfigurationPlatforms) = postSolution
		{5F58DF5A-1D92-4C4C-82ED-F48E171C4A9D}.Debug|Any CPU.ActiveCfg = Debug|Any CPU
		{5F58DF5A-1D92-4C4C-82ED-F48E171C4A9D}.Debug|Any CPU.Build.0 = Debug|Any CPU
		{5F58DF5A-1D92-4C4C-82ED-F48E171C4A9D}.Release|Any CPU.ActiveCfg = Release|Any CPU
		{5F58DF5A-1D92-4C4C-82ED-F48E171C4A9D}.Release|Any CPU.Build.0 = Release|Any CPU
	EndGlobalSection
	GlobalSection(SolutionProperties) = preSolution
		HideSolutionNode = FALSE
	EndGlobalSection
	GlobalSection(ExtensibilityGlobals) = postSolution
		SolutionGuid = {7FA05B4D-0BFB-47F4-9DB5-969B6C2EDF5B}
	EndGlobalSection
EndGlobal
