
Microsoft Visual Studio Solution File, Format Version 12.00
# Visual Studio Version 17
VisualStudioVersion = 17.6.33723.286
MinimumVisualStudioVersion = 10.0.40219.1
Project("{FAE04EC0-301F-11D3-BF4B-00C04F79EFBC}") = "UpperLowerWord", "UpperLowerWord\UpperLowerWord.csproj", "{C3FC843B-AADA-4F8E-BBEF-30E0268964EA}"
EndProject
Global
	GlobalSection(SolutionConfigurationPlatforms) = preSolution
		Debug|Any CPU = Debug|Any CPU
		Release|Any CPU = Release|Any CPU
	EndGlobalSection
	GlobalSection(ProjectConfigurationPlatforms) = postSolution
		{C3FC843B-AADA-4F8E-BBEF-30E0268964EA}.Debug|Any CPU.ActiveCfg = Debug|Any CPU
		{C3FC843B-AADA-4F8E-BBEF-30E0268964EA}.Debug|Any CPU.Build.0 = Debug|Any CPU
		{C3FC843B-AADA-4F8E-BBEF-30E0268964EA}.Release|Any CPU.ActiveCfg = Release|Any CPU
		{C3FC843B-AADA-4F8E-BBEF-30E0268964EA}.Release|Any CPU.Build.0 = Release|Any CPU
	EndGlobalSection
	GlobalSection(SolutionProperties) = preSolution
		HideSolutionNode = FALSE
	EndGlobalSection
	GlobalSection(ExtensibilityGlobals) = postSolution
		SolutionGuid = {ACDA41AF-9A47-498A-ACB0-09D218ECEA4E}
	EndGlobalSection
EndGlobal
